
Microsoft Visual Studio Solution File, Format Version 12.00
# Visual Studio Version 16
VisualStudioVersion = 16.0.30309.148
MinimumVisualStudioVersion = 10.0.40219.1
Project("{FAE04EC0-301F-11D3-BF4B-00C04F79EFBC}") = "CelsiusTax", "CelsiusTax.csproj", "{F5A0B1C3-1CF0-4C23-9C62-D1EF4169E66C}"
EndProject
Global
	GlobalSection(SolutionConfigurationPlatforms) = preSolution
		Debug|Any CPU = Debug|Any CPU
		Release|Any CPU = Release|Any CPU
	EndGlobalSection
	GlobalSection(ProjectConfigurationPlatforms) = postSolution
		{F5A0B1C3-1CF0-4C23-9C62-D1EF4169E66C}.Debug|Any CPU.ActiveCfg = Debug|Any CPU
		{F5A0B1C3-1CF0-4C23-9C62-D1EF4169E66C}.Debug|Any CPU.Build.0 = Debug|Any CPU
		{F5A0B1C3-1CF0-4C23-9C62-D1EF4169E66C}.Release|Any CPU.ActiveCfg = Release|Any CPU
		{F5A0B1C3-1CF0-4C23-9C62-D1EF4169E66C}.Release|Any CPU.Build.0 = Release|Any CPU
	EndGlobalSection
	GlobalSection(SolutionProperties) = preSolution
		HideSolutionNode = FALSE
	EndGlobalSection
	GlobalSection(ExtensibilityGlobals) = postSolution
		SolutionGuid = {25E1C225-9005-4CC7-BDD2-65D57954E1CD}
	EndGlobalSection
EndGlobal
